
Microsoft Visual Studio Solution File, Format Version 12.00
# Visual Studio 15
VisualStudioVersion = 15.0.26730.10
MinimumVisualStudioVersion = 10.0.40219.1

Project("{6EC3EE1D-3C4E-46DD-8F32-0CC8E7565705}") = "TestOpenPdf_OnFabulous", "TestOpenPdf_OnFabulous\TestOpenPdf_OnFabulous.fsproj", "{1FD11B38-0200-4C25-84EA-F6444ECE1029}"
EndProject

Project("{F2A71F9B-5D33-465A-A702-920D77279786}") = "TestOpenPdf_OnFabulous.Android", "TestOpenPdf_OnFabulous.Android\TestOpenPdf_OnFabulous.Android.fsproj", "{0798F0C5-5121-4A06-9CE9-43C8FDF00438}"
EndProject


Project("{F2A71F9B-5D33-465A-A702-920D77279786}") = "TestOpenPdf_OnFabulous.iOS", "TestOpenPdf_OnFabulous.iOS\TestOpenPdf_OnFabulous.iOS.fsproj", "{53E3B29C-1B57-4737-893A-2742D9B5DB9F}"
EndProject




Global
	GlobalSection(SolutionConfigurationPlatforms) = preSolution
		Ad-Hoc|Any CPU = Ad-Hoc|Any CPU
		Ad-Hoc|ARM = Ad-Hoc|ARM
		Ad-Hoc|iPhone = Ad-Hoc|iPhone
		Ad-Hoc|iPhoneSimulator = Ad-Hoc|iPhoneSimulator
		Ad-Hoc|x64 = Ad-Hoc|x64
		Ad-Hoc|x86 = Ad-Hoc|x86
		AppStore|Any CPU = AppStore|Any CPU
		AppStore|ARM = AppStore|ARM
		AppStore|iPhone = AppStore|iPhone
		AppStore|iPhoneSimulator = AppStore|iPhoneSimulator
		AppStore|x64 = AppStore|x64
		AppStore|x86 = AppStore|x86
		Debug|Any CPU = Debug|Any CPU
		Debug|ARM = Debug|ARM
		Debug|iPhone = Debug|iPhone
		Debug|iPhoneSimulator = Debug|iPhoneSimulator
		Debug|x64 = Debug|x64
		Debug|x86 = Debug|x86
		Release|Any CPU = Release|Any CPU
		Release|ARM = Release|ARM
		Release|iPhone = Release|iPhone
		Release|iPhoneSimulator = Release|iPhoneSimulator
		Release|x64 = Release|x64
		Release|x86 = Release|x86
	EndGlobalSection
	GlobalSection(ProjectConfigurationPlatforms) = postSolution
		{1FD11B38-0200-4C25-84EA-F6444ECE1029}.Ad-Hoc|Any CPU.ActiveCfg = Debug|Any CPU
		{1FD11B38-0200-4C25-84EA-F6444ECE1029}.Ad-Hoc|Any CPU.Build.0 = Debug|Any CPU
		{1FD11B38-0200-4C25-84EA-F6444ECE1029}.Ad-Hoc|ARM.ActiveCfg = Debug|Any CPU
		{1FD11B38-0200-4C25-84EA-F6444ECE1029}.Ad-Hoc|ARM.Build.0 = Debug|Any CPU
		{1FD11B38-0200-4C25-84EA-F6444ECE1029}.Ad-Hoc|iPhone.ActiveCfg = Debug|Any CPU
		{1FD11B38-0200-4C25-84EA-F6444ECE1029}.Ad-Hoc|iPhone.Build.0 = Debug|Any CPU
		{1FD11B38-0200-4C25-84EA-F6444ECE1029}.Ad-Hoc|iPhoneSimulator.ActiveCfg = Debug|Any CPU
		{1FD11B38-0200-4C25-84EA-F6444ECE1029}.Ad-Hoc|iPhoneSimulator.Build.0 = Debug|Any CPU
		{1FD11B38-0200-4C25-84EA-F6444ECE1029}.Ad-Hoc|x64.ActiveCfg = Debug|Any CPU
		{1FD11B38-0200-4C25-84EA-F6444ECE1029}.Ad-Hoc|x64.Build.0 = Debug|Any CPU
		{1FD11B38-0200-4C25-84EA-F6444ECE1029}.Ad-Hoc|x86.ActiveCfg = Debug|Any CPU
		{1FD11B38-0200-4C25-84EA-F6444ECE1029}.Ad-Hoc|x86.Build.0 = Debug|Any CPU
		{1FD11B38-0200-4C25-84EA-F6444ECE1029}.AppStore|Any CPU.ActiveCfg = Debug|Any CPU
		{1FD11B38-0200-4C25-84EA-F6444ECE1029}.AppStore|Any CPU.Build.0 = Debug|Any CPU
		{1FD11B38-0200-4C25-84EA-F6444ECE1029}.AppStore|ARM.ActiveCfg = Debug|Any CPU
		{1FD11B38-0200-4C25-84EA-F6444ECE1029}.AppStore|ARM.Build.0 = Debug|Any CPU
		{1FD11B38-0200-4C25-84EA-F6444ECE1029}.AppStore|iPhone.ActiveCfg = Debug|Any CPU
		{1FD11B38-0200-4C25-84EA-F6444ECE1029}.AppStore|iPhone.Build.0 = Debug|Any CPU
		{1FD11B38-0200-4C25-84EA-F6444ECE1029}.AppStore|iPhoneSimulator.ActiveCfg = Debug|Any CPU
		{1FD11B38-0200-4C25-84EA-F6444ECE1029}.AppStore|iPhoneSimulator.Build.0 = Debug|Any CPU
		{1FD11B38-0200-4C25-84EA-F6444ECE1029}.AppStore|x64.ActiveCfg = Debug|Any CPU
		{1FD11B38-0200-4C25-84EA-F6444ECE1029}.AppStore|x64.Build.0 = Debug|Any CPU
		{1FD11B38-0200-4C25-84EA-F6444ECE1029}.AppStore|x86.ActiveCfg = Debug|Any CPU
		{1FD11B38-0200-4C25-84EA-F6444ECE1029}.AppStore|x86.Build.0 = Debug|Any CPU
		{1FD11B38-0200-4C25-84EA-F6444ECE1029}.Debug|Any CPU.ActiveCfg = Debug|Any CPU
		{1FD11B38-0200-4C25-84EA-F6444ECE1029}.Debug|Any CPU.Build.0 = Debug|Any CPU
		{1FD11B38-0200-4C25-84EA-F6444ECE1029}.Debug|ARM.ActiveCfg = Debug|Any CPU
		{1FD11B38-0200-4C25-84EA-F6444ECE1029}.Debug|ARM.Build.0 = Debug|Any CPU
		{1FD11B38-0200-4C25-84EA-F6444ECE1029}.Debug|iPhone.ActiveCfg = Debug|Any CPU
		{1FD11B38-0200-4C25-84EA-F6444ECE1029}.Debug|iPhone.Build.0 = Debug|Any CPU
		{1FD11B38-0200-4C25-84EA-F6444ECE1029}.Debug|iPhoneSimulator.ActiveCfg = Debug|Any CPU
		{1FD11B38-0200-4C25-84EA-F6444ECE1029}.Debug|iPhoneSimulator.Build.0 = Debug|Any CPU
		{1FD11B38-0200-4C25-84EA-F6444ECE1029}.Debug|x64.ActiveCfg = Debug|Any CPU
		{1FD11B38-0200-4C25-84EA-F6444ECE1029}.Debug|x64.Build.0 = Debug|Any CPU
		{1FD11B38-0200-4C25-84EA-F6444ECE1029}.Debug|x86.ActiveCfg = Debug|Any CPU
		{1FD11B38-0200-4C25-84EA-F6444ECE1029}.Debug|x86.Build.0 = Debug|Any CPU
		{1FD11B38-0200-4C25-84EA-F6444ECE1029}.Release|Any CPU.ActiveCfg = Release|Any CPU
		{1FD11B38-0200-4C25-84EA-F6444ECE1029}.Release|Any CPU.Build.0 = Release|Any CPU
		{1FD11B38-0200-4C25-84EA-F6444ECE1029}.Release|ARM.ActiveCfg = Release|Any CPU
		{1FD11B38-0200-4C25-84EA-F6444ECE1029}.Release|ARM.Build.0 = Release|Any CPU
		{1FD11B38-0200-4C25-84EA-F6444ECE1029}.Release|iPhone.ActiveCfg = Release|Any CPU
		{1FD11B38-0200-4C25-84EA-F6444ECE1029}.Release|iPhone.Build.0 = Release|Any CPU
		{1FD11B38-0200-4C25-84EA-F6444ECE1029}.Release|iPhoneSimulator.ActiveCfg = Release|Any CPU
		{1FD11B38-0200-4C25-84EA-F6444ECE1029}.Release|iPhoneSimulator.Build.0 = Release|Any CPU
		{1FD11B38-0200-4C25-84EA-F6444ECE1029}.Release|x64.ActiveCfg = Release|Any CPU
		{1FD11B38-0200-4C25-84EA-F6444ECE1029}.Release|x64.Build.0 = Release|Any CPU
		{1FD11B38-0200-4C25-84EA-F6444ECE1029}.Release|x86.ActiveCfg = Release|Any CPU
		{1FD11B38-0200-4C25-84EA-F6444ECE1029}.Release|x86.Build.0 = Release|Any CPU
		{53E3B29C-1B57-4737-893A-2742D9B5DB9F}.Ad-Hoc|Any CPU.ActiveCfg = Ad-Hoc|iPhone
		{53E3B29C-1B57-4737-893A-2742D9B5DB9F}.Ad-Hoc|ARM.ActiveCfg = Ad-Hoc|iPhone
		{53E3B29C-1B57-4737-893A-2742D9B5DB9F}.Ad-Hoc|iPhone.ActiveCfg = Ad-Hoc|iPhone
		{53E3B29C-1B57-4737-893A-2742D9B5DB9F}.Ad-Hoc|iPhone.Build.0 = Ad-Hoc|iPhone
		{53E3B29C-1B57-4737-893A-2742D9B5DB9F}.Ad-Hoc|iPhoneSimulator.ActiveCfg = Ad-Hoc|iPhoneSimulator
		{53E3B29C-1B57-4737-893A-2742D9B5DB9F}.Ad-Hoc|iPhoneSimulator.Build.0 = Ad-Hoc|iPhoneSimulator
		{53E3B29C-1B57-4737-893A-2742D9B5DB9F}.Ad-Hoc|x64.ActiveCfg = Ad-Hoc|iPhone
		{53E3B29C-1B57-4737-893A-2742D9B5DB9F}.Ad-Hoc|x86.ActiveCfg = Ad-Hoc|iPhone
		{53E3B29C-1B57-4737-893A-2742D9B5DB9F}.AppStore|Any CPU.ActiveCfg = AppStore|iPhone
		{53E3B29C-1B57-4737-893A-2742D9B5DB9F}.AppStore|ARM.ActiveCfg = AppStore|iPhone
		{53E3B29C-1B57-4737-893A-2742D9B5DB9F}.AppStore|iPhone.ActiveCfg = AppStore|iPhone
		{53E3B29C-1B57-4737-893A-2742D9B5DB9F}.AppStore|iPhone.Build.0 = AppStore|iPhone
		{53E3B29C-1B57-4737-893A-2742D9B5DB9F}.AppStore|iPhoneSimulator.ActiveCfg = AppStore|iPhoneSimulator
		{53E3B29C-1B57-4737-893A-2742D9B5DB9F}.AppStore|iPhoneSimulator.Build.0 = AppStore|iPhoneSimulator
		{53E3B29C-1B57-4737-893A-2742D9B5DB9F}.AppStore|x64.ActiveCfg = AppStore|iPhone
		{53E3B29C-1B57-4737-893A-2742D9B5DB9F}.AppStore|x86.ActiveCfg = AppStore|iPhone
		{53E3B29C-1B57-4737-893A-2742D9B5DB9F}.Debug|Any CPU.ActiveCfg = Debug|iPhone
		{53E3B29C-1B57-4737-893A-2742D9B5DB9F}.Debug|ARM.ActiveCfg = Debug|iPhone
		{53E3B29C-1B57-4737-893A-2742D9B5DB9F}.Debug|iPhone.ActiveCfg = Debug|iPhone
		{53E3B29C-1B57-4737-893A-2742D9B5DB9F}.Debug|iPhone.Build.0 = Debug|iPhone
		{53E3B29C-1B57-4737-893A-2742D9B5DB9F}.Debug|iPhoneSimulator.ActiveCfg = Debug|iPhoneSimulator
		{53E3B29C-1B57-4737-893A-2742D9B5DB9F}.Debug|iPhoneSimulator.Build.0 = Debug|iPhoneSimulator
		{53E3B29C-1B57-4737-893A-2742D9B5DB9F}.Debug|x64.ActiveCfg = Debug|iPhone
		{53E3B29C-1B57-4737-893A-2742D9B5DB9F}.Debug|x86.ActiveCfg = Debug|iPhone
		{53E3B29C-1B57-4737-893A-2742D9B5DB9F}.Release|Any CPU.ActiveCfg = Release|iPhone
		{53E3B29C-1B57-4737-893A-2742D9B5DB9F}.Release|ARM.ActiveCfg = Release|iPhone
		{53E3B29C-1B57-4737-893A-2742D9B5DB9F}.Release|iPhone.ActiveCfg = Release|iPhone
		{53E3B29C-1B57-4737-893A-2742D9B5DB9F}.Release|iPhone.Build.0 = Release|iPhone
		{53E3B29C-1B57-4737-893A-2742D9B5DB9F}.Release|iPhoneSimulator.ActiveCfg = Release|iPhoneSimulator
		{53E3B29C-1B57-4737-893A-2742D9B5DB9F}.Release|iPhoneSimulator.Build.0 = Release|iPhoneSimulator
		{53E3B29C-1B57-4737-893A-2742D9B5DB9F}.Release|x64.ActiveCfg = Release|iPhone
		{53E3B29C-1B57-4737-893A-2742D9B5DB9F}.Release|x86.ActiveCfg = Release|iPhone
		{DFE89565-540F-47F1-87B0-75ECA626AE7D}.Ad-Hoc|Any CPU.ActiveCfg = Release|x86
		{DFE89565-540F-47F1-87B0-75ECA626AE7D}.Ad-Hoc|Any CPU.Build.0 = Release|x86
		{DFE89565-540F-47F1-87B0-75ECA626AE7D}.Ad-Hoc|Any CPU.Deploy.0 = Release|x86
		{DFE89565-540F-47F1-87B0-75ECA626AE7D}.Ad-Hoc|ARM.ActiveCfg = Release|ARM
		{DFE89565-540F-47F1-87B0-75ECA626AE7D}.Ad-Hoc|ARM.Build.0 = Release|ARM
		{DFE89565-540F-47F1-87B0-75ECA626AE7D}.Ad-Hoc|ARM.Deploy.0 = Release|ARM
		{DFE89565-540F-47F1-87B0-75ECA626AE7D}.Ad-Hoc|iPhone.ActiveCfg = Release|x86
		{DFE89565-540F-47F1-87B0-75ECA626AE7D}.Ad-Hoc|iPhone.Build.0 = Release|x86
		{DFE89565-540F-47F1-87B0-75ECA626AE7D}.Ad-Hoc|iPhone.Deploy.0 = Release|x86
		{DFE89565-540F-47F1-87B0-75ECA626AE7D}.Ad-Hoc|iPhoneSimulator.ActiveCfg = Release|x86
		{DFE89565-540F-47F1-87B0-75ECA626AE7D}.Ad-Hoc|iPhoneSimulator.Build.0 = Release|x86
		{DFE89565-540F-47F1-87B0-75ECA626AE7D}.Ad-Hoc|iPhoneSimulator.Deploy.0 = Release|x86
		{DFE89565-540F-47F1-87B0-75ECA626AE7D}.Ad-Hoc|x64.ActiveCfg = Release|x64
		{DFE89565-540F-47F1-87B0-75ECA626AE7D}.Ad-Hoc|x64.Build.0 = Release|x64
		{DFE89565-540F-47F1-87B0-75ECA626AE7D}.Ad-Hoc|x64.Deploy.0 = Release|x64
		{DFE89565-540F-47F1-87B0-75ECA626AE7D}.Ad-Hoc|x86.ActiveCfg = Release|x86
		{DFE89565-540F-47F1-87B0-75ECA626AE7D}.Ad-Hoc|x86.Build.0 = Release|x86
		{DFE89565-540F-47F1-87B0-75ECA626AE7D}.Ad-Hoc|x86.Deploy.0 = Release|x86
		{DFE89565-540F-47F1-87B0-75ECA626AE7D}.AppStore|Any CPU.ActiveCfg = Release|x86
		{DFE89565-540F-47F1-87B0-75ECA626AE7D}.AppStore|Any CPU.Build.0 = Release|x86
		{DFE89565-540F-47F1-87B0-75ECA626AE7D}.AppStore|Any CPU.Deploy.0 = Release|x86
		{DFE89565-540F-47F1-87B0-75ECA626AE7D}.AppStore|ARM.ActiveCfg = Release|ARM
		{DFE89565-540F-47F1-87B0-75ECA626AE7D}.AppStore|ARM.Build.0 = Release|ARM
		{DFE89565-540F-47F1-87B0-75ECA626AE7D}.AppStore|ARM.Deploy.0 = Release|ARM
		{DFE89565-540F-47F1-87B0-75ECA626AE7D}.AppStore|iPhone.ActiveCfg = Release|x86
		{DFE89565-540F-47F1-87B0-75ECA626AE7D}.AppStore|iPhone.Build.0 = Release|x86
		{DFE89565-540F-47F1-87B0-75ECA626AE7D}.AppStore|iPhone.Deploy.0 = Release|x86
		{DFE89565-540F-47F1-87B0-75ECA626AE7D}.AppStore|iPhoneSimulator.ActiveCfg = Release|x86
		{DFE89565-540F-47F1-87B0-75ECA626AE7D}.AppStore|iPhoneSimulator.Build.0 = Release|x86
		{DFE89565-540F-47F1-87B0-75ECA626AE7D}.AppStore|iPhoneSimulator.Deploy.0 = Release|x86
		{DFE89565-540F-47F1-87B0-75ECA626AE7D}.AppStore|x64.ActiveCfg = Release|x64
		{DFE89565-540F-47F1-87B0-75ECA626AE7D}.AppStore|x64.Build.0 = Release|x64
		{DFE89565-540F-47F1-87B0-75ECA626AE7D}.AppStore|x64.Deploy.0 = Release|x64
		{DFE89565-540F-47F1-87B0-75ECA626AE7D}.AppStore|x86.ActiveCfg = Release|x86
		{DFE89565-540F-47F1-87B0-75ECA626AE7D}.AppStore|x86.Build.0 = Release|x86
		{DFE89565-540F-47F1-87B0-75ECA626AE7D}.AppStore|x86.Deploy.0 = Release|x86
		{DFE89565-540F-47F1-87B0-75ECA626AE7D}.Debug|Any CPU.ActiveCfg = Debug|x86
		{DFE89565-540F-47F1-87B0-75ECA626AE7D}.Debug|ARM.ActiveCfg = Debug|ARM
		{DFE89565-540F-47F1-87B0-75ECA626AE7D}.Debug|ARM.Build.0 = Debug|ARM
		{DFE89565-540F-47F1-87B0-75ECA626AE7D}.Debug|ARM.Deploy.0 = Debug|ARM
		{DFE89565-540F-47F1-87B0-75ECA626AE7D}.Debug|iPhone.ActiveCfg = Debug|x86
		{DFE89565-540F-47F1-87B0-75ECA626AE7D}.Debug|iPhoneSimulator.ActiveCfg = Debug|x86
		{DFE89565-540F-47F1-87B0-75ECA626AE7D}.Debug|x64.ActiveCfg = Debug|x64
		{DFE89565-540F-47F1-87B0-75ECA626AE7D}.Debug|x64.Build.0 = Debug|x64
		{DFE89565-540F-47F1-87B0-75ECA626AE7D}.Debug|x64.Deploy.0 = Debug|x64
		{DFE89565-540F-47F1-87B0-75ECA626AE7D}.Debug|x86.ActiveCfg = Debug|x86
		{DFE89565-540F-47F1-87B0-75ECA626AE7D}.Debug|x86.Build.0 = Debug|x86
		{DFE89565-540F-47F1-87B0-75ECA626AE7D}.Debug|x86.Deploy.0 = Debug|x86
		{DFE89565-540F-47F1-87B0-75ECA626AE7D}.Release|Any CPU.ActiveCfg = Release|x86
		{DFE89565-540F-47F1-87B0-75ECA626AE7D}.Release|ARM.ActiveCfg = Release|ARM
		{DFE89565-540F-47F1-87B0-75ECA626AE7D}.Release|ARM.Build.0 = Release|ARM
		{DFE89565-540F-47F1-87B0-75ECA626AE7D}.Release|ARM.Deploy.0 = Release|ARM
		{DFE89565-540F-47F1-87B0-75ECA626AE7D}.Release|iPhone.ActiveCfg = Release|x86
		{DFE89565-540F-47F1-87B0-75ECA626AE7D}.Release|iPhoneSimulator.ActiveCfg = Release|x86
		{DFE89565-540F-47F1-87B0-75ECA626AE7D}.Release|x64.ActiveCfg = Release|x64
		{DFE89565-540F-47F1-87B0-75ECA626AE7D}.Release|x64.Build.0 = Release|x64
		{DFE89565-540F-47F1-87B0-75ECA626AE7D}.Release|x64.Deploy.0 = Release|x64
		{DFE89565-540F-47F1-87B0-75ECA626AE7D}.Release|x86.ActiveCfg = Release|x86
		{DFE89565-540F-47F1-87B0-75ECA626AE7D}.Release|x86.Build.0 = Release|x86
		{DFE89565-540F-47F1-87B0-75ECA626AE7D}.Release|x86.Deploy.0 = Release|x86
		{F43B80E0-35C3-4D4D-AB59-8C505903D795}.Ad-Hoc|Any CPU.ActiveCfg = Release|Any CPU
		{F43B80E0-35C3-4D4D-AB59-8C505903D795}.Ad-Hoc|Any CPU.Build.0 = Release|Any CPU
		{F43B80E0-35C3-4D4D-AB59-8C505903D795}.Ad-Hoc|ARM.ActiveCfg = Release|Any CPU
		{F43B80E0-35C3-4D4D-AB59-8C505903D795}.Ad-Hoc|ARM.Build.0 = Release|Any CPU
		{F43B80E0-35C3-4D4D-AB59-8C505903D795}.Ad-Hoc|iPhone.ActiveCfg = Release|Any CPU
		{F43B80E0-35C3-4D4D-AB59-8C505903D795}.Ad-Hoc|iPhone.Build.0 = Release|Any CPU
		{F43B80E0-35C3-4D4D-AB59-8C505903D795}.Ad-Hoc|iPhoneSimulator.ActiveCfg = Release|Any CPU
		{F43B80E0-35C3-4D4D-AB59-8C505903D795}.Ad-Hoc|iPhoneSimulator.Build.0 = Release|Any CPU
		{F43B80E0-35C3-4D4D-AB59-8C505903D795}.Ad-Hoc|x64.ActiveCfg = Release|Any CPU
		{F43B80E0-35C3-4D4D-AB59-8C505903D795}.Ad-Hoc|x64.Build.0 = Release|Any CPU
		{F43B80E0-35C3-4D4D-AB59-8C505903D795}.Ad-Hoc|x86.ActiveCfg = Release|Any CPU
		{F43B80E0-35C3-4D4D-AB59-8C505903D795}.Ad-Hoc|x86.Build.0 = Release|Any CPU
		{F43B80E0-35C3-4D4D-AB59-8C505903D795}.AppStore|Any CPU.ActiveCfg = Release|Any CPU
		{F43B80E0-35C3-4D4D-AB59-8C505903D795}.AppStore|Any CPU.Build.0 = Release|Any CPU
		{F43B80E0-35C3-4D4D-AB59-8C505903D795}.AppStore|ARM.ActiveCfg = Release|Any CPU
		{F43B80E0-35C3-4D4D-AB59-8C505903D795}.AppStore|ARM.Build.0 = Release|Any CPU
		{F43B80E0-35C3-4D4D-AB59-8C505903D795}.AppStore|iPhone.ActiveCfg = Release|Any CPU
		{F43B80E0-35C3-4D4D-AB59-8C505903D795}.AppStore|iPhone.Build.0 = Release|Any CPU
		{F43B80E0-35C3-4D4D-AB59-8C505903D795}.AppStore|iPhoneSimulator.ActiveCfg = Release|Any CPU
		{F43B80E0-35C3-4D4D-AB59-8C505903D795}.AppStore|iPhoneSimulator.Build.0 = Release|Any CPU
		{F43B80E0-35C3-4D4D-AB59-8C505903D795}.AppStore|x64.ActiveCfg = Release|Any CPU
		{F43B80E0-35C3-4D4D-AB59-8C505903D795}.AppStore|x64.Build.0 = Release|Any CPU
		{F43B80E0-35C3-4D4D-AB59-8C505903D795}.AppStore|x86.ActiveCfg = Release|Any CPU
		{F43B80E0-35C3-4D4D-AB59-8C505903D795}.AppStore|x86.Build.0 = Release|Any CPU
		{F43B80E0-35C3-4D4D-AB59-8C505903D795}.Debug|Any CPU.ActiveCfg = Debug|Any CPU
		{F43B80E0-35C3-4D4D-AB59-8C505903D795}.Debug|Any CPU.Build.0 = Debug|Any CPU
		{F43B80E0-35C3-4D4D-AB59-8C505903D795}.Debug|ARM.ActiveCfg = Debug|Any CPU
		{F43B80E0-35C3-4D4D-AB59-8C505903D795}.Debug|ARM.Build.0 = Debug|Any CPU
		{F43B80E0-35C3-4D4D-AB59-8C505903D795}.Debug|iPhone.ActiveCfg = Debug|Any CPU
		{F43B80E0-35C3-4D4D-AB59-8C505903D795}.Debug|iPhone.Build.0 = Debug|Any CPU
		{F43B80E0-35C3-4D4D-AB59-8C505903D795}.Debug|iPhoneSimulator.ActiveCfg = Debug|Any CPU
		{F43B80E0-35C3-4D4D-AB59-8C505903D795}.Debug|iPhoneSimulator.Build.0 = Debug|Any CPU
		{F43B80E0-35C3-4D4D-AB59-8C505903D795}.Debug|x64.ActiveCfg = Debug|Any CPU
		{F43B80E0-35C3-4D4D-AB59-8C505903D795}.Debug|x64.Build.0 = Debug|Any CPU
		{F43B80E0-35C3-4D4D-AB59-8C505903D795}.Debug|x86.ActiveCfg = Debug|Any CPU
		{F43B80E0-35C3-4D4D-AB59-8C505903D795}.Debug|x86.Build.0 = Debug|Any CPU
		{F43B80E0-35C3-4D4D-AB59-8C505903D795}.Release|Any CPU.ActiveCfg = Release|Any CPU
		{F43B80E0-35C3-4D4D-AB59-8C505903D795}.Release|Any CPU.Build.0 = Release|Any CPU
		{F43B80E0-35C3-4D4D-AB59-8C505903D795}.Release|ARM.ActiveCfg = Release|Any CPU
		{F43B80E0-35C3-4D4D-AB59-8C505903D795}.Release|ARM.Build.0 = Release|Any CPU
		{F43B80E0-35C3-4D4D-AB59-8C505903D795}.Release|iPhone.ActiveCfg = Release|Any CPU
		{F43B80E0-35C3-4D4D-AB59-8C505903D795}.Release|iPhone.Build.0 = Release|Any CPU
		{F43B80E0-35C3-4D4D-AB59-8C505903D795}.Release|iPhoneSimulator.ActiveCfg = Release|Any CPU
		{F43B80E0-35C3-4D4D-AB59-8C505903D795}.Release|iPhoneSimulator.Build.0 = Release|Any CPU
		{F43B80E0-35C3-4D4D-AB59-8C505903D795}.Release|x64.ActiveCfg = Release|Any CPU
		{F43B80E0-35C3-4D4D-AB59-8C505903D795}.Release|x64.Build.0 = Release|Any CPU
		{F43B80E0-35C3-4D4D-AB59-8C505903D795}.Release|x86.ActiveCfg = Release|Any CPU
		{F43B80E0-35C3-4D4D-AB59-8C505903D795}.Release|x86.Build.0 = Release|Any CPU
		{C79355EF-3292-4374-AC2A-AE4738537ABA}.Ad-Hoc|Any CPU.ActiveCfg = Release|Any CPU
		{C79355EF-3292-4374-AC2A-AE4738537ABA}.Ad-Hoc|Any CPU.Build.0 = Release|Any CPU
		{C79355EF-3292-4374-AC2A-AE4738537ABA}.Ad-Hoc|ARM.ActiveCfg = Release|Any CPU
		{C79355EF-3292-4374-AC2A-AE4738537ABA}.Ad-Hoc|ARM.Build.0 = Release|Any CPU
		{C79355EF-3292-4374-AC2A-AE4738537ABA}.Ad-Hoc|iPhone.ActiveCfg = Release|Any CPU
		{C79355EF-3292-4374-AC2A-AE4738537ABA}.Ad-Hoc|iPhone.Build.0 = Release|Any CPU
		{C79355EF-3292-4374-AC2A-AE4738537ABA}.Ad-Hoc|iPhoneSimulator.ActiveCfg = Release|Any CPU
		{C79355EF-3292-4374-AC2A-AE4738537ABA}.Ad-Hoc|iPhoneSimulator.Build.0 = Release|Any CPU
		{C79355EF-3292-4374-AC2A-AE4738537ABA}.Ad-Hoc|x64.ActiveCfg = Release|Any CPU
		{C79355EF-3292-4374-AC2A-AE4738537ABA}.Ad-Hoc|x64.Build.0 = Release|Any CPU
		{C79355EF-3292-4374-AC2A-AE4738537ABA}.Ad-Hoc|x86.ActiveCfg = Release|Any CPU
		{C79355EF-3292-4374-AC2A-AE4738537ABA}.Ad-Hoc|x86.Build.0 = Release|Any CPU
		{C79355EF-3292-4374-AC2A-AE4738537ABA}.AppStore|Any CPU.ActiveCfg = Release|Any CPU
		{C79355EF-3292-4374-AC2A-AE4738537ABA}.AppStore|Any CPU.Build.0 = Release|Any CPU
		{C79355EF-3292-4374-AC2A-AE4738537ABA}.AppStore|ARM.ActiveCfg = Release|Any CPU
		{C79355EF-3292-4374-AC2A-AE4738537ABA}.AppStore|ARM.Build.0 = Release|Any CPU
		{C79355EF-3292-4374-AC2A-AE4738537ABA}.AppStore|iPhone.ActiveCfg = Release|Any CPU
		{C79355EF-3292-4374-AC2A-AE4738537ABA}.AppStore|iPhone.Build.0 = Release|Any CPU
		{C79355EF-3292-4374-AC2A-AE4738537ABA}.AppStore|iPhoneSimulator.ActiveCfg = Release|Any CPU
		{C79355EF-3292-4374-AC2A-AE4738537ABA}.AppStore|iPhoneSimulator.Build.0 = Release|Any CPU
		{C79355EF-3292-4374-AC2A-AE4738537ABA}.AppStore|x64.ActiveCfg = Release|Any CPU
		{C79355EF-3292-4374-AC2A-AE4738537ABA}.AppStore|x64.Build.0 = Release|Any CPU
		{C79355EF-3292-4374-AC2A-AE4738537ABA}.AppStore|x86.ActiveCfg = Release|Any CPU
		{C79355EF-3292-4374-AC2A-AE4738537ABA}.AppStore|x86.Build.0 = Release|Any CPU
		{C79355EF-3292-4374-AC2A-AE4738537ABA}.Debug|Any CPU.ActiveCfg = Debug|Any CPU
		{C79355EF-3292-4374-AC2A-AE4738537ABA}.Debug|Any CPU.Build.0 = Debug|Any CPU
		{C79355EF-3292-4374-AC2A-AE4738537ABA}.Debug|ARM.ActiveCfg = Debug|Any CPU
		{C79355EF-3292-4374-AC2A-AE4738537ABA}.Debug|ARM.Build.0 = Debug|Any CPU
		{C79355EF-3292-4374-AC2A-AE4738537ABA}.Debug|iPhone.ActiveCfg = Debug|Any CPU
		{C79355EF-3292-4374-AC2A-AE4738537ABA}.Debug|iPhone.Build.0 = Debug|Any CPU
		{C79355EF-3292-4374-AC2A-AE4738537ABA}.Debug|iPhoneSimulator.ActiveCfg = Debug|Any CPU
		{C79355EF-3292-4374-AC2A-AE4738537ABA}.Debug|iPhoneSimulator.Build.0 = Debug|Any CPU
		{C79355EF-3292-4374-AC2A-AE4738537ABA}.Debug|x64.ActiveCfg = Debug|Any CPU
		{C79355EF-3292-4374-AC2A-AE4738537ABA}.Debug|x64.Build.0 = Debug|Any CPU
		{C79355EF-3292-4374-AC2A-AE4738537ABA}.Debug|x86.ActiveCfg = Debug|Any CPU
		{C79355EF-3292-4374-AC2A-AE4738537ABA}.Debug|x86.Build.0 = Debug|Any CPU
		{C79355EF-3292-4374-AC2A-AE4738537ABA}.Release|Any CPU.ActiveCfg = Release|Any CPU
		{C79355EF-3292-4374-AC2A-AE4738537ABA}.Release|Any CPU.Build.0 = Release|Any CPU
		{C79355EF-3292-4374-AC2A-AE4738537ABA}.Release|ARM.ActiveCfg = Release|Any CPU
		{C79355EF-3292-4374-AC2A-AE4738537ABA}.Release|ARM.Build.0 = Release|Any CPU
		{C79355EF-3292-4374-AC2A-AE4738537ABA}.Release|iPhone.ActiveCfg = Release|Any CPU
		{C79355EF-3292-4374-AC2A-AE4738537ABA}.Release|iPhone.Build.0 = Release|Any CPU
		{C79355EF-3292-4374-AC2A-AE4738537ABA}.Release|iPhoneSimulator.ActiveCfg = Release|Any CPU
		{C79355EF-3292-4374-AC2A-AE4738537ABA}.Release|iPhoneSimulator.Build.0 = Release|Any CPU
		{C79355EF-3292-4374-AC2A-AE4738537ABA}.Release|x64.ActiveCfg = Release|Any CPU
		{C79355EF-3292-4374-AC2A-AE4738537ABA}.Release|x64.Build.0 = Release|Any CPU
		{C79355EF-3292-4374-AC2A-AE4738537ABA}.Release|x86.ActiveCfg = Release|Any CPU
		{C79355EF-3292-4374-AC2A-AE4738537ABA}.Release|x86.Build.0 = Release|Any CPU
		{0798F0C5-5121-4A06-9CE9-43C8FDF00438}.Ad-Hoc|Any CPU.ActiveCfg = Release|Any CPU
		{0798F0C5-5121-4A06-9CE9-43C8FDF00438}.Ad-Hoc|Any CPU.Build.0 = Release|Any CPU
		{0798F0C5-5121-4A06-9CE9-43C8FDF00438}.Ad-Hoc|ARM.ActiveCfg = Release|Any CPU
		{0798F0C5-5121-4A06-9CE9-43C8FDF00438}.Ad-Hoc|ARM.Build.0 = Release|Any CPU
		{0798F0C5-5121-4A06-9CE9-43C8FDF00438}.Ad-Hoc|iPhone.ActiveCfg = Release|Any CPU
		{0798F0C5-5121-4A06-9CE9-43C8FDF00438}.Ad-Hoc|iPhone.Build.0 = Release|Any CPU
		{0798F0C5-5121-4A06-9CE9-43C8FDF00438}.Ad-Hoc|iPhoneSimulator.ActiveCfg = Release|Any CPU
		{0798F0C5-5121-4A06-9CE9-43C8FDF00438}.Ad-Hoc|iPhoneSimulator.Build.0 = Release|Any CPU
		{0798F0C5-5121-4A06-9CE9-43C8FDF00438}.Ad-Hoc|x64.ActiveCfg = Release|Any CPU
		{0798F0C5-5121-4A06-9CE9-43C8FDF00438}.Ad-Hoc|x64.Build.0 = Release|Any CPU
		{0798F0C5-5121-4A06-9CE9-43C8FDF00438}.Ad-Hoc|x86.ActiveCfg = Release|Any CPU
		{0798F0C5-5121-4A06-9CE9-43C8FDF00438}.Ad-Hoc|x86.Build.0 = Release|Any CPU
		{0798F0C5-5121-4A06-9CE9-43C8FDF00438}.AppStore|Any CPU.ActiveCfg = Release|Any CPU
		{0798F0C5-5121-4A06-9CE9-43C8FDF00438}.AppStore|Any CPU.Build.0 = Release|Any CPU
		{0798F0C5-5121-4A06-9CE9-43C8FDF00438}.AppStore|ARM.ActiveCfg = Release|Any CPU
		{0798F0C5-5121-4A06-9CE9-43C8FDF00438}.AppStore|ARM.Build.0 = Release|Any CPU
		{0798F0C5-5121-4A06-9CE9-43C8FDF00438}.AppStore|iPhone.ActiveCfg = Release|Any CPU
		{0798F0C5-5121-4A06-9CE9-43C8FDF00438}.AppStore|iPhone.Build.0 = Release|Any CPU
		{0798F0C5-5121-4A06-9CE9-43C8FDF00438}.AppStore|iPhoneSimulator.ActiveCfg = Release|Any CPU
		{0798F0C5-5121-4A06-9CE9-43C8FDF00438}.AppStore|iPhoneSimulator.Build.0 = Release|Any CPU
		{0798F0C5-5121-4A06-9CE9-43C8FDF00438}.AppStore|x64.ActiveCfg = Release|Any CPU
		{0798F0C5-5121-4A06-9CE9-43C8FDF00438}.AppStore|x64.Build.0 = Release|Any CPU
		{0798F0C5-5121-4A06-9CE9-43C8FDF00438}.AppStore|x86.ActiveCfg = Release|Any CPU
		{0798F0C5-5121-4A06-9CE9-43C8FDF00438}.AppStore|x86.Build.0 = Release|Any CPU
		{0798F0C5-5121-4A06-9CE9-43C8FDF00438}.Debug|Any CPU.ActiveCfg = Debug|Any CPU
		{0798F0C5-5121-4A06-9CE9-43C8FDF00438}.Debug|Any CPU.Build.0 = Debug|Any CPU
		{0798F0C5-5121-4A06-9CE9-43C8FDF00438}.Debug|Any CPU.Deploy.0 = Debug|Any CPU
		{0798F0C5-5121-4A06-9CE9-43C8FDF00438}.Debug|ARM.ActiveCfg = Debug|Any CPU
		{0798F0C5-5121-4A06-9CE9-43C8FDF00438}.Debug|ARM.Build.0 = Debug|Any CPU
		{0798F0C5-5121-4A06-9CE9-43C8FDF00438}.Debug|iPhone.ActiveCfg = Debug|Any CPU
		{0798F0C5-5121-4A06-9CE9-43C8FDF00438}.Debug|iPhone.Build.0 = Debug|Any CPU
		{0798F0C5-5121-4A06-9CE9-43C8FDF00438}.Debug|iPhoneSimulator.ActiveCfg = Debug|Any CPU
		{0798F0C5-5121-4A06-9CE9-43C8FDF00438}.Debug|iPhoneSimulator.Build.0 = Debug|Any CPU
		{0798F0C5-5121-4A06-9CE9-43C8FDF00438}.Debug|x64.ActiveCfg = Debug|Any CPU
		{0798F0C5-5121-4A06-9CE9-43C8FDF00438}.Debug|x64.Build.0 = Debug|Any CPU
		{0798F0C5-5121-4A06-9CE9-43C8FDF00438}.Debug|x86.ActiveCfg = Debug|Any CPU
		{0798F0C5-5121-4A06-9CE9-43C8FDF00438}.Debug|x86.Build.0 = Debug|Any CPU
		{0798F0C5-5121-4A06-9CE9-43C8FDF00438}.Release|Any CPU.ActiveCfg = Release|Any CPU
		{0798F0C5-5121-4A06-9CE9-43C8FDF00438}.Release|Any CPU.Build.0 = Release|Any CPU
		{0798F0C5-5121-4A06-9CE9-43C8FDF00438}.Release|Any CPU.Deploy.0 = Release|Any CPU
		{0798F0C5-5121-4A06-9CE9-43C8FDF00438}.Release|ARM.ActiveCfg = Release|Any CPU
		{0798F0C5-5121-4A06-9CE9-43C8FDF00438}.Release|ARM.Build.0 = Release|Any CPU
		{0798F0C5-5121-4A06-9CE9-43C8FDF00438}.Release|iPhone.ActiveCfg = Release|Any CPU
		{0798F0C5-5121-4A06-9CE9-43C8FDF00438}.Release|iPhone.Build.0 = Release|Any CPU
		{0798F0C5-5121-4A06-9CE9-43C8FDF00438}.Release|iPhoneSimulator.ActiveCfg = Release|Any CPU
		{0798F0C5-5121-4A06-9CE9-43C8FDF00438}.Release|iPhoneSimulator.Build.0 = Release|Any CPU
		{0798F0C5-5121-4A06-9CE9-43C8FDF00438}.Release|x64.ActiveCfg = Release|Any CPU
		{0798F0C5-5121-4A06-9CE9-43C8FDF00438}.Release|x64.Build.0 = Release|Any CPU
		{0798F0C5-5121-4A06-9CE9-43C8FDF00438}.Release|x86.ActiveCfg = Release|Any CPU
		{0798F0C5-5121-4A06-9CE9-43C8FDF00438}.Release|x86.Build.0 = Release|Any CPU
		{BD25E254-4B04-42E1-A470-5F5047499F7F}.Ad-Hoc|Any CPU.ActiveCfg = Release|Any CPU
		{BD25E254-4B04-42E1-A470-5F5047499F7F}.Ad-Hoc|Any CPU.Build.0 = Release|Any CPU
		{BD25E254-4B04-42E1-A470-5F5047499F7F}.Ad-Hoc|ARM.ActiveCfg = Release|Any CPU
		{BD25E254-4B04-42E1-A470-5F5047499F7F}.Ad-Hoc|ARM.Build.0 = Release|Any CPU
		{BD25E254-4B04-42E1-A470-5F5047499F7F}.Ad-Hoc|iPhone.ActiveCfg = Release|Any CPU
		{BD25E254-4B04-42E1-A470-5F5047499F7F}.Ad-Hoc|iPhone.Build.0 = Release|Any CPU
		{BD25E254-4B04-42E1-A470-5F5047499F7F}.Ad-Hoc|iPhoneSimulator.ActiveCfg = Release|Any CPU
		{BD25E254-4B04-42E1-A470-5F5047499F7F}.Ad-Hoc|iPhoneSimulator.Build.0 = Release|Any CPU
		{BD25E254-4B04-42E1-A470-5F5047499F7F}.Ad-Hoc|x64.ActiveCfg = Release|Any CPU
		{BD25E254-4B04-42E1-A470-5F5047499F7F}.Ad-Hoc|x64.Build.0 = Release|Any CPU
		{BD25E254-4B04-42E1-A470-5F5047499F7F}.Ad-Hoc|x86.ActiveCfg = Release|Any CPU
		{BD25E254-4B04-42E1-A470-5F5047499F7F}.Ad-Hoc|x86.Build.0 = Release|Any CPU
		{BD25E254-4B04-42E1-A470-5F5047499F7F}.AppStore|Any CPU.ActiveCfg = Release|Any CPU
		{BD25E254-4B04-42E1-A470-5F5047499F7F}.AppStore|Any CPU.Build.0 = Release|Any CPU
		{BD25E254-4B04-42E1-A470-5F5047499F7F}.AppStore|ARM.ActiveCfg = Release|Any CPU
		{BD25E254-4B04-42E1-A470-5F5047499F7F}.AppStore|ARM.Build.0 = Release|Any CPU
		{BD25E254-4B04-42E1-A470-5F5047499F7F}.AppStore|iPhone.ActiveCfg = Release|Any CPU
		{BD25E254-4B04-42E1-A470-5F5047499F7F}.AppStore|iPhone.Build.0 = Release|Any CPU
		{BD25E254-4B04-42E1-A470-5F5047499F7F}.AppStore|iPhoneSimulator.ActiveCfg = Release|Any CPU
		{BD25E254-4B04-42E1-A470-5F5047499F7F}.AppStore|iPhoneSimulator.Build.0 = Release|Any CPU
		{BD25E254-4B04-42E1-A470-5F5047499F7F}.AppStore|x64.ActiveCfg = Release|Any CPU
		{BD25E254-4B04-42E1-A470-5F5047499F7F}.AppStore|x64.Build.0 = Release|Any CPU
		{BD25E254-4B04-42E1-A470-5F5047499F7F}.AppStore|x86.ActiveCfg = Release|Any CPU
		{BD25E254-4B04-42E1-A470-5F5047499F7F}.AppStore|x86.Build.0 = Release|Any CPU
		{BD25E254-4B04-42E1-A470-5F5047499F7F}.Debug|Any CPU.ActiveCfg = Debug|Any CPU
		{BD25E254-4B04-42E1-A470-5F5047499F7F}.Debug|Any CPU.Build.0 = Debug|Any CPU
		{BD25E254-4B04-42E1-A470-5F5047499F7F}.Debug|ARM.ActiveCfg = Debug|Any CPU
		{BD25E254-4B04-42E1-A470-5F5047499F7F}.Debug|ARM.Build.0 = Debug|Any CPU
		{BD25E254-4B04-42E1-A470-5F5047499F7F}.Debug|iPhone.ActiveCfg = Debug|Any CPU
		{BD25E254-4B04-42E1-A470-5F5047499F7F}.Debug|iPhone.Build.0 = Debug|Any CPU
		{BD25E254-4B04-42E1-A470-5F5047499F7F}.Debug|iPhoneSimulator.ActiveCfg = Debug|Any CPU
		{BD25E254-4B04-42E1-A470-5F5047499F7F}.Debug|iPhoneSimulator.Build.0 = Debug|Any CPU
		{BD25E254-4B04-42E1-A470-5F5047499F7F}.Debug|x64.ActiveCfg = Debug|Any CPU
		{BD25E254-4B04-42E1-A470-5F5047499F7F}.Debug|x64.Build.0 = Debug|Any CPU
		{BD25E254-4B04-42E1-A470-5F5047499F7F}.Debug|x86.ActiveCfg = Debug|Any CPU
		{BD25E254-4B04-42E1-A470-5F5047499F7F}.Debug|x86.Build.0 = Debug|Any CPU
		{BD25E254-4B04-42E1-A470-5F5047499F7F}.Release|Any CPU.ActiveCfg = Release|Any CPU
		{BD25E254-4B04-42E1-A470-5F5047499F7F}.Release|Any CPU.Build.0 = Release|Any CPU
		{BD25E254-4B04-42E1-A470-5F5047499F7F}.Release|ARM.ActiveCfg = Release|Any CPU
		{BD25E254-4B04-42E1-A470-5F5047499F7F}.Release|ARM.Build.0 = Release|Any CPU
		{BD25E254-4B04-42E1-A470-5F5047499F7F}.Release|iPhone.ActiveCfg = Release|Any CPU
		{BD25E254-4B04-42E1-A470-5F5047499F7F}.Release|iPhone.Build.0 = Release|Any CPU
		{BD25E254-4B04-42E1-A470-5F5047499F7F}.Release|iPhoneSimulator.ActiveCfg = Release|Any CPU
		{BD25E254-4B04-42E1-A470-5F5047499F7F}.Release|iPhoneSimulator.Build.0 = Release|Any CPU
		{BD25E254-4B04-42E1-A470-5F5047499F7F}.Release|x64.ActiveCfg = Release|Any CPU
		{BD25E254-4B04-42E1-A470-5F5047499F7F}.Release|x64.Build.0 = Release|Any CPU
		{BD25E254-4B04-42E1-A470-5F5047499F7F}.Release|x86.ActiveCfg = Release|Any CPU
		{BD25E254-4B04-42E1-A470-5F5047499F7F}.Release|x86.Build.0 = Release|Any CPU
		{5A8201E5-A5B1-45B8-9E88-F79188599DF0}.Ad-Hoc|Any CPU.ActiveCfg = Release|x64
		{5A8201E5-A5B1-45B8-9E88-F79188599DF0}.Ad-Hoc|Any CPU.Build.0 = Release|x64
		{5A8201E5-A5B1-45B8-9E88-F79188599DF0}.Ad-Hoc|Any CPU.Deploy.0 = Release|x64
		{5A8201E5-A5B1-45B8-9E88-F79188599DF0}.Ad-Hoc|ARM.ActiveCfg = Release|ARM
		{5A8201E5-A5B1-45B8-9E88-F79188599DF0}.Ad-Hoc|ARM.Build.0 = Release|ARM
		{5A8201E5-A5B1-45B8-9E88-F79188599DF0}.Ad-Hoc|ARM.Deploy.0 = Release|ARM
		{5A8201E5-A5B1-45B8-9E88-F79188599DF0}.Ad-Hoc|ARM64.ActiveCfg = Release|ARM64
		{5A8201E5-A5B1-45B8-9E88-F79188599DF0}.Ad-Hoc|ARM64.Build.0 = Release|ARM64
		{5A8201E5-A5B1-45B8-9E88-F79188599DF0}.Ad-Hoc|ARM64.Deploy.0 = Release|ARM64
		{5A8201E5-A5B1-45B8-9E88-F79188599DF0}.Ad-Hoc|iPhone.ActiveCfg = Release|x64
		{5A8201E5-A5B1-45B8-9E88-F79188599DF0}.Ad-Hoc|iPhone.Build.0 = Release|x64
		{5A8201E5-A5B1-45B8-9E88-F79188599DF0}.Ad-Hoc|iPhone.Deploy.0 = Release|x64
		{5A8201E5-A5B1-45B8-9E88-F79188599DF0}.Ad-Hoc|iPhoneSimulator.ActiveCfg = Release|x64
		{5A8201E5-A5B1-45B8-9E88-F79188599DF0}.Ad-Hoc|iPhoneSimulator.Build.0 = Release|x64
		{5A8201E5-A5B1-45B8-9E88-F79188599DF0}.Ad-Hoc|iPhoneSimulator.Deploy.0 = Release|x64
		{5A8201E5-A5B1-45B8-9E88-F79188599DF0}.Ad-Hoc|x64.ActiveCfg = Release|x64
		{5A8201E5-A5B1-45B8-9E88-F79188599DF0}.Ad-Hoc|x64.Build.0 = Release|x64
		{5A8201E5-A5B1-45B8-9E88-F79188599DF0}.Ad-Hoc|x64.Deploy.0 = Release|x64
		{5A8201E5-A5B1-45B8-9E88-F79188599DF0}.Ad-Hoc|x86.ActiveCfg = Release|x86
		{5A8201E5-A5B1-45B8-9E88-F79188599DF0}.Ad-Hoc|x86.Build.0 = Release|x86
		{5A8201E5-A5B1-45B8-9E88-F79188599DF0}.Ad-Hoc|x86.Deploy.0 = Release|x86
		{5A8201E5-A5B1-45B8-9E88-F79188599DF0}.AppStore|Any CPU.ActiveCfg = Release|x64
		{5A8201E5-A5B1-45B8-9E88-F79188599DF0}.AppStore|Any CPU.Build.0 = Release|x64
		{5A8201E5-A5B1-45B8-9E88-F79188599DF0}.AppStore|Any CPU.Deploy.0 = Release|x64
		{5A8201E5-A5B1-45B8-9E88-F79188599DF0}.AppStore|ARM.ActiveCfg = Release|ARM
		{5A8201E5-A5B1-45B8-9E88-F79188599DF0}.AppStore|ARM.Build.0 = Release|ARM
		{5A8201E5-A5B1-45B8-9E88-F79188599DF0}.AppStore|ARM.Deploy.0 = Release|ARM
		{5A8201E5-A5B1-45B8-9E88-F79188599DF0}.AppStore|ARM64.ActiveCfg = Release|ARM64
		{5A8201E5-A5B1-45B8-9E88-F79188599DF0}.AppStore|ARM64.Build.0 = Release|ARM64
		{5A8201E5-A5B1-45B8-9E88-F79188599DF0}.AppStore|ARM64.Deploy.0 = Release|ARM64
		{5A8201E5-A5B1-45B8-9E88-F79188599DF0}.AppStore|iPhone.ActiveCfg = Release|x64
		{5A8201E5-A5B1-45B8-9E88-F79188599DF0}.AppStore|iPhone.Build.0 = Release|x64
		{5A8201E5-A5B1-45B8-9E88-F79188599DF0}.AppStore|iPhone.Deploy.0 = Release|x64
		{5A8201E5-A5B1-45B8-9E88-F79188599DF0}.AppStore|iPhoneSimulator.ActiveCfg = Release|x64
		{5A8201E5-A5B1-45B8-9E88-F79188599DF0}.AppStore|iPhoneSimulator.Build.0 = Release|x64
		{5A8201E5-A5B1-45B8-9E88-F79188599DF0}.AppStore|iPhoneSimulator.Deploy.0 = Release|x64
		{5A8201E5-A5B1-45B8-9E88-F79188599DF0}.AppStore|x64.ActiveCfg = Release|x64
		{5A8201E5-A5B1-45B8-9E88-F79188599DF0}.AppStore|x64.Build.0 = Release|x64
		{5A8201E5-A5B1-45B8-9E88-F79188599DF0}.AppStore|x64.Deploy.0 = Release|x64
		{5A8201E5-A5B1-45B8-9E88-F79188599DF0}.AppStore|x86.ActiveCfg = Release|x86
		{5A8201E5-A5B1-45B8-9E88-F79188599DF0}.AppStore|x86.Build.0 = Release|x86
		{5A8201E5-A5B1-45B8-9E88-F79188599DF0}.AppStore|x86.Deploy.0 = Release|x86
		{5A8201E5-A5B1-45B8-9E88-F79188599DF0}.Debug|Any CPU.ActiveCfg = Debug|x86
		{5A8201E5-A5B1-45B8-9E88-F79188599DF0}.Debug|ARM.ActiveCfg = Debug|ARM
		{5A8201E5-A5B1-45B8-9E88-F79188599DF0}.Debug|ARM.Build.0 = Debug|ARM
		{5A8201E5-A5B1-45B8-9E88-F79188599DF0}.Debug|ARM.Deploy.0 = Debug|ARM
		{5A8201E5-A5B1-45B8-9E88-F79188599DF0}.Debug|ARM64.ActiveCfg = Debug|ARM64
		{5A8201E5-A5B1-45B8-9E88-F79188599DF0}.Debug|ARM64.Build.0 = Debug|ARM64
		{5A8201E5-A5B1-45B8-9E88-F79188599DF0}.Debug|ARM64.Deploy.0 = Debug|ARM64
		{5A8201E5-A5B1-45B8-9E88-F79188599DF0}.Debug|iPhone.ActiveCfg = Debug|x86
		{5A8201E5-A5B1-45B8-9E88-F79188599DF0}.Debug|iPhoneSimulator.ActiveCfg = Debug|x86
		{5A8201E5-A5B1-45B8-9E88-F79188599DF0}.Debug|x64.ActiveCfg = Debug|x64
		{5A8201E5-A5B1-45B8-9E88-F79188599DF0}.Debug|x64.Build.0 = Debug|x64
		{5A8201E5-A5B1-45B8-9E88-F79188599DF0}.Debug|x64.Deploy.0 = Debug|x64
		{5A8201E5-A5B1-45B8-9E88-F79188599DF0}.Debug|x86.ActiveCfg = Debug|x86
		{5A8201E5-A5B1-45B8-9E88-F79188599DF0}.Debug|x86.Build.0 = Debug|x86
		{5A8201E5-A5B1-45B8-9E88-F79188599DF0}.Debug|x86.Deploy.0 = Debug|x86
		{5A8201E5-A5B1-45B8-9E88-F79188599DF0}.Release|Any CPU.ActiveCfg = Release|x86
		{5A8201E5-A5B1-45B8-9E88-F79188599DF0}.Release|ARM.ActiveCfg = Release|ARM
		{5A8201E5-A5B1-45B8-9E88-F79188599DF0}.Release|ARM.Build.0 = Release|ARM
		{5A8201E5-A5B1-45B8-9E88-F79188599DF0}.Release|ARM.Deploy.0 = Release|ARM
		{5A8201E5-A5B1-45B8-9E88-F79188599DF0}.Release|ARM64.ActiveCfg = Release|ARM64
		{5A8201E5-A5B1-45B8-9E88-F79188599DF0}.Release|ARM64.Build.0 = Release|ARM64
		{5A8201E5-A5B1-45B8-9E88-F79188599DF0}.Release|ARM64.Deploy.0 = Release|ARM64
		{5A8201E5-A5B1-45B8-9E88-F79188599DF0}.Release|iPhone.ActiveCfg = Release|x86
		{5A8201E5-A5B1-45B8-9E88-F79188599DF0}.Release|iPhoneSimulator.ActiveCfg = Release|x86
		{5A8201E5-A5B1-45B8-9E88-F79188599DF0}.Release|x64.ActiveCfg = Release|x64
		{5A8201E5-A5B1-45B8-9E88-F79188599DF0}.Release|x64.Build.0 = Release|x64
		{5A8201E5-A5B1-45B8-9E88-F79188599DF0}.Release|x64.Deploy.0 = Release|x64
		{5A8201E5-A5B1-45B8-9E88-F79188599DF0}.Release|x86.ActiveCfg = Release|x86
		{5A8201E5-A5B1-45B8-9E88-F79188599DF0}.Release|x86.Build.0 = Release|x86
		{5A8201E5-A5B1-45B8-9E88-F79188599DF0}.Release|x86.Deploy.0 = Release|x86
	EndGlobalSection
	GlobalSection(SolutionProperties) = preSolution
		HideSolutionNode = FALSE
	EndGlobalSection
	GlobalSection(ExtensibilityGlobals) = postSolution
		SolutionGuid = {F6D05029-56B8-4E45-AF2D-0E76295DDBA2}
	EndGlobalSection
EndGlobal
